
Microsoft Visual Studio Solution File, Format Version 12.00
# Visual Studio Version 16
VisualStudioVersion = 16.0.29519.181
MinimumVisualStudioVersion = 10.0.40219.1
Project("{FAE04EC0-301F-11D3-BF4B-00C04F79EFBC}") = "Ekonomiks", "Ekonomiks\Ekonomiks.csproj", "{89DFDAB4-FBBA-43FE-9E3A-907C7822FFE8}"
EndProject
Global
	GlobalSection(SolutionConfigurationPlatforms) = preSolution
		Debug|Any CPU = Debug|Any CPU
		Release|Any CPU = Release|Any CPU
	EndGlobalSection
	GlobalSection(ProjectConfigurationPlatforms) = postSolution
		{89DFDAB4-FBBA-43FE-9E3A-907C7822FFE8}.Debug|Any CPU.ActiveCfg = Debug|Any CPU
		{89DFDAB4-FBBA-43FE-9E3A-907C7822FFE8}.Debug|Any CPU.Build.0 = Debug|Any CPU
		{89DFDAB4-FBBA-43FE-9E3A-907C7822FFE8}.Release|Any CPU.ActiveCfg = Release|Any CPU
		{89DFDAB4-FBBA-43FE-9E3A-907C7822FFE8}.Release|Any CPU.Build.0 = Release|Any CPU
	EndGlobalSection
	GlobalSection(SolutionProperties) = preSolution
		HideSolutionNode = FALSE
	EndGlobalSection
	GlobalSection(ExtensibilityGlobals) = postSolution
		SolutionGuid = {4F3ADD4A-168B-43C6-88D1-C489B1980778}
	EndGlobalSection
EndGlobal
